
Microsoft Visual Studio Solution File, Format Version 12.00
# Visual Studio Version 17
VisualStudioVersion = 17.9.34728.123
MinimumVisualStudioVersion = 10.0.40219.1
Project("{FAE04EC0-301F-11D3-BF4B-00C04F79EFBC}") = "ConcurrencyvsParallelism", "ConcurrencyvsParallelism.csproj", "{4FE94B0E-FD38-4186-A7DB-442FAB7D19C0}"
EndProject
Global
	GlobalSection(SolutionConfigurationPlatforms) = preSolution
		Debug|Any CPU = Debug|Any CPU
		Release|Any CPU = Release|Any CPU
	EndGlobalSection
	GlobalSection(ProjectConfigurationPlatforms) = postSolution
		{4FE94B0E-FD38-4186-A7DB-442FAB7D19C0}.Debug|Any CPU.ActiveCfg = Debug|Any CPU
		{4FE94B0E-FD38-4186-A7DB-442FAB7D19C0}.Debug|Any CPU.Build.0 = Debug|Any CPU
		{4FE94B0E-FD38-4186-A7DB-442FAB7D19C0}.Release|Any CPU.ActiveCfg = Release|Any CPU
		{4FE94B0E-FD38-4186-A7DB-442FAB7D19C0}.Release|Any CPU.Build.0 = Release|Any CPU
	EndGlobalSection
	GlobalSection(SolutionProperties) = preSolution
		HideSolutionNode = FALSE
	EndGlobalSection
	GlobalSection(ExtensibilityGlobals) = postSolution
		SolutionGuid = {184D9C1C-ECC8-43D3-8E7A-FA4278A00FED}
	EndGlobalSection
EndGlobal
