
Microsoft Visual Studio Solution File, Format Version 12.00
# Visual Studio Version 17
VisualStudioVersion = 17.9.34728.123
MinimumVisualStudioVersion = 10.0.40219.1
Project("{FAE04EC0-301F-11D3-BF4B-00C04F79EFBC}") = "ThreadingEvent", "ThreadingEvent.csproj", "{97ABC12B-BAB6-4696-BCD2-F8E0139AAFAB}"
EndProject
Global
	GlobalSection(SolutionConfigurationPlatforms) = preSolution
		Debug|Any CPU = Debug|Any CPU
		Release|Any CPU = Release|Any CPU
	EndGlobalSection
	GlobalSection(ProjectConfigurationPlatforms) = postSolution
		{97ABC12B-BAB6-4696-BCD2-F8E0139AAFAB}.Debug|Any CPU.ActiveCfg = Debug|Any CPU
		{97ABC12B-BAB6-4696-BCD2-F8E0139AAFAB}.Debug|Any CPU.Build.0 = Debug|Any CPU
		{97ABC12B-BAB6-4696-BCD2-F8E0139AAFAB}.Release|Any CPU.ActiveCfg = Release|Any CPU
		{97ABC12B-BAB6-4696-BCD2-F8E0139AAFAB}.Release|Any CPU.Build.0 = Release|Any CPU
	EndGlobalSection
	GlobalSection(SolutionProperties) = preSolution
		HideSolutionNode = FALSE
	EndGlobalSection
	GlobalSection(ExtensibilityGlobals) = postSolution
		SolutionGuid = {BD1299D4-7C0D-459B-9949-0262F5B092EE}
	EndGlobalSection
EndGlobal
