
Microsoft Visual Studio Solution File, Format Version 12.00
# Visual Studio Version 17
VisualStudioVersion = 17.9.34728.123
MinimumVisualStudioVersion = 10.0.40219.1
Project("{FAE04EC0-301F-11D3-BF4B-00C04F79EFBC}") = "ThreadSyncronization", "ThreadSyncronization.csproj", "{ED50DC9B-ED55-4D15-8B66-CAC6F7512449}"
EndProject
Global
	GlobalSection(SolutionConfigurationPlatforms) = preSolution
		Debug|Any CPU = Debug|Any CPU
		Release|Any CPU = Release|Any CPU
	EndGlobalSection
	GlobalSection(ProjectConfigurationPlatforms) = postSolution
		{ED50DC9B-ED55-4D15-8B66-CAC6F7512449}.Debug|Any CPU.ActiveCfg = Debug|Any CPU
		{ED50DC9B-ED55-4D15-8B66-CAC6F7512449}.Debug|Any CPU.Build.0 = Debug|Any CPU
		{ED50DC9B-ED55-4D15-8B66-CAC6F7512449}.Release|Any CPU.ActiveCfg = Release|Any CPU
		{ED50DC9B-ED55-4D15-8B66-CAC6F7512449}.Release|Any CPU.Build.0 = Release|Any CPU
	EndGlobalSection
	GlobalSection(SolutionProperties) = preSolution
		HideSolutionNode = FALSE
	EndGlobalSection
	GlobalSection(ExtensibilityGlobals) = postSolution
		SolutionGuid = {1F078535-1043-496C-83FD-02AC72DC538A}
	EndGlobalSection
EndGlobal
