
Microsoft Visual Studio Solution File, Format Version 12.00
# Visual Studio Version 17
VisualStudioVersion = 17.9.34728.123
MinimumVisualStudioVersion = 10.0.40219.1
Project("{FAE04EC0-301F-11D3-BF4B-00C04F79EFBC}") = "AsyncAwaitCommand", "AsyncAwaitCommand.csproj", "{A1437257-8BCD-40CD-BCCE-F2F037CF7353}"
EndProject
Global
	GlobalSection(SolutionConfigurationPlatforms) = preSolution
		Debug|Any CPU = Debug|Any CPU
		Release|Any CPU = Release|Any CPU
	EndGlobalSection
	GlobalSection(ProjectConfigurationPlatforms) = postSolution
		{A1437257-8BCD-40CD-BCCE-F2F037CF7353}.Debug|Any CPU.ActiveCfg = Debug|Any CPU
		{A1437257-8BCD-40CD-BCCE-F2F037CF7353}.Debug|Any CPU.Build.0 = Debug|Any CPU
		{A1437257-8BCD-40CD-BCCE-F2F037CF7353}.Release|Any CPU.ActiveCfg = Release|Any CPU
		{A1437257-8BCD-40CD-BCCE-F2F037CF7353}.Release|Any CPU.Build.0 = Release|Any CPU
	EndGlobalSection
	GlobalSection(SolutionProperties) = preSolution
		HideSolutionNode = FALSE
	EndGlobalSection
	GlobalSection(ExtensibilityGlobals) = postSolution
		SolutionGuid = {2A7222FD-FA33-489F-9D31-86D26992F5B2}
	EndGlobalSection
EndGlobal
