
Microsoft Visual Studio Solution File, Format Version 12.00
# Visual Studio Version 17
VisualStudioVersion = 17.9.34728.123
MinimumVisualStudioVersion = 10.0.40219.1
Project("{FAE04EC0-301F-11D3-BF4B-00C04F79EFBC}") = "OptimizingCompetition", "OptimizingCompetition\OptimizingCompetition.csproj", "{635CD5FB-202C-408C-8FC9-EFD62066B23C}"
EndProject
Global
	GlobalSection(SolutionConfigurationPlatforms) = preSolution
		Debug|Any CPU = Debug|Any CPU
		Release|Any CPU = Release|Any CPU
	EndGlobalSection
	GlobalSection(ProjectConfigurationPlatforms) = postSolution
		{635CD5FB-202C-408C-8FC9-EFD62066B23C}.Debug|Any CPU.ActiveCfg = Debug|Any CPU
		{635CD5FB-202C-408C-8FC9-EFD62066B23C}.Debug|Any CPU.Build.0 = Debug|Any CPU
		{635CD5FB-202C-408C-8FC9-EFD62066B23C}.Release|Any CPU.ActiveCfg = Release|Any CPU
		{635CD5FB-202C-408C-8FC9-EFD62066B23C}.Release|Any CPU.Build.0 = Release|Any CPU
	EndGlobalSection
	GlobalSection(SolutionProperties) = preSolution
		HideSolutionNode = FALSE
	EndGlobalSection
	GlobalSection(ExtensibilityGlobals) = postSolution
		SolutionGuid = {1C4649F1-BCA6-4A39-9770-52601D872670}
	EndGlobalSection
EndGlobal
